
Microsoft Visual Studio Solution File, Format Version 12.00
# Visual Studio Version 17
VisualStudioVersion = 17.3.32901.215
MinimumVisualStudioVersion = 10.0.40219.1
Project("{FAE04EC0-301F-11D3-BF4B-00C04F79EFBC}") = "Stack_Using_Linked_List", "Stack_Using_Linked_List\Stack_Using_Linked_List.csproj", "{A5E78C5E-E7CA-4DCF-A4E6-5828E07EDFE6}"
EndProject
Global
	GlobalSection(SolutionConfigurationPlatforms) = preSolution
		Debug|Any CPU = Debug|Any CPU
		Release|Any CPU = Release|Any CPU
	EndGlobalSection
	GlobalSection(ProjectConfigurationPlatforms) = postSolution
		{A5E78C5E-E7CA-4DCF-A4E6-5828E07EDFE6}.Debug|Any CPU.ActiveCfg = Debug|Any CPU
		{A5E78C5E-E7CA-4DCF-A4E6-5828E07EDFE6}.Debug|Any CPU.Build.0 = Debug|Any CPU
		{A5E78C5E-E7CA-4DCF-A4E6-5828E07EDFE6}.Release|Any CPU.ActiveCfg = Release|Any CPU
		{A5E78C5E-E7CA-4DCF-A4E6-5828E07EDFE6}.Release|Any CPU.Build.0 = Release|Any CPU
	EndGlobalSection
	GlobalSection(SolutionProperties) = preSolution
		HideSolutionNode = FALSE
	EndGlobalSection
	GlobalSection(ExtensibilityGlobals) = postSolution
		SolutionGuid = {158CDF57-C8CE-4489-8688-05CA48E2748F}
	EndGlobalSection
EndGlobal
